
Microsoft Visual Studio Solution File, Format Version 12.00
# Visual Studio Version 17
VisualStudioVersion = 17.1.32210.238
MinimumVisualStudioVersion = 10.0.40219.1
Project("{FAE04EC0-301F-11D3-BF4B-00C04F79EFBC}") = "TrainTicketSystem", "TrainTicketSystem\TrainTicketSystem.csproj", "{B68BEA84-94EB-48B8-9BF3-2518058D924C}"
EndProject
Global
	GlobalSection(SolutionConfigurationPlatforms) = preSolution
		Debug|Any CPU = Debug|Any CPU
		Release|Any CPU = Release|Any CPU
	EndGlobalSection
	GlobalSection(ProjectConfigurationPlatforms) = postSolution
		{B68BEA84-94EB-48B8-9BF3-2518058D924C}.Debug|Any CPU.ActiveCfg = Debug|Any CPU
		{B68BEA84-94EB-48B8-9BF3-2518058D924C}.Debug|Any CPU.Build.0 = Debug|Any CPU
		{B68BEA84-94EB-48B8-9BF3-2518058D924C}.Release|Any CPU.ActiveCfg = Release|Any CPU
		{B68BEA84-94EB-48B8-9BF3-2518058D924C}.Release|Any CPU.Build.0 = Release|Any CPU
	EndGlobalSection
	GlobalSection(SolutionProperties) = preSolution
		HideSolutionNode = FALSE
	EndGlobalSection
	GlobalSection(ExtensibilityGlobals) = postSolution
		SolutionGuid = {FEE232AC-B8AE-4D23-994D-958166F4F0E5}
	EndGlobalSection
EndGlobal
